
Microsoft Visual Studio Solution File, Format Version 12.00
# Visual Studio 2013
VisualStudioVersion = 12.0.40629.0
MinimumVisualStudioVersion = 10.0.40219.1
Project("{FAE04EC0-301F-11D3-BF4B-00C04F79EFBC}") = "EmailConfirmation", "EmailConfirmation\EmailConfirmation.csproj", "{23D9DCD6-250E-450F-BAE7-121DE1C5F146}"
EndProject
Global
	GlobalSection(SolutionConfigurationPlatforms) = preSolution
		Debug|Any CPU = Debug|Any CPU
		Release|Any CPU = Release|Any CPU
	EndGlobalSection
	GlobalSection(ProjectConfigurationPlatforms) = postSolution
		{23D9DCD6-250E-450F-BAE7-121DE1C5F146}.Debug|Any CPU.ActiveCfg = Debug|Any CPU
		{23D9DCD6-250E-450F-BAE7-121DE1C5F146}.Debug|Any CPU.Build.0 = Debug|Any CPU
		{23D9DCD6-250E-450F-BAE7-121DE1C5F146}.Release|Any CPU.ActiveCfg = Release|Any CPU
		{23D9DCD6-250E-450F-BAE7-121DE1C5F146}.Release|Any CPU.Build.0 = Release|Any CPU
	EndGlobalSection
	GlobalSection(SolutionProperties) = preSolution
		HideSolutionNode = FALSE
	EndGlobalSection
EndGlobal
